
Microsoft Visual Studio Solution File, Format Version 12.00
# Visual Studio Version 16
VisualStudioVersion = 16.0.29806.167
MinimumVisualStudioVersion = 10.0.40219.1
Project("{FAE04EC0-301F-11D3-BF4B-00C04F79EFBC}") = "lab1-3", "lab1-3\lab1-3.csproj", "{3FE56F5B-B096-4B80-A466-2486D56B04D9}"
EndProject
Project("{2150E333-8FDC-42A3-9474-1A3956D46DE8}") = "Solution Items", "Solution Items", "{A694E5E2-8AD0-45FC-B75D-B807DFFEFCE9}"
	ProjectSection(SolutionItems) = preProject
		Validation.cs = Validation.cs
	EndProjectSection
EndProject
Project("{FAE04EC0-301F-11D3-BF4B-00C04F79EFBC}") = "UnitTestProject", "UnitTestProject\UnitTestProject.csproj", "{036A41F9-C201-49BE-AC90-35018A40D69C}"
EndProject
Global
	GlobalSection(SolutionConfigurationPlatforms) = preSolution
		Debug|Any CPU = Debug|Any CPU
		Release|Any CPU = Release|Any CPU
	EndGlobalSection
	GlobalSection(ProjectConfigurationPlatforms) = postSolution
		{3FE56F5B-B096-4B80-A466-2486D56B04D9}.Debug|Any CPU.ActiveCfg = Debug|Any CPU
		{3FE56F5B-B096-4B80-A466-2486D56B04D9}.Debug|Any CPU.Build.0 = Debug|Any CPU
		{3FE56F5B-B096-4B80-A466-2486D56B04D9}.Release|Any CPU.ActiveCfg = Release|Any CPU
		{3FE56F5B-B096-4B80-A466-2486D56B04D9}.Release|Any CPU.Build.0 = Release|Any CPU
		{036A41F9-C201-49BE-AC90-35018A40D69C}.Debug|Any CPU.ActiveCfg = Debug|Any CPU
		{036A41F9-C201-49BE-AC90-35018A40D69C}.Debug|Any CPU.Build.0 = Debug|Any CPU
		{036A41F9-C201-49BE-AC90-35018A40D69C}.Release|Any CPU.ActiveCfg = Release|Any CPU
		{036A41F9-C201-49BE-AC90-35018A40D69C}.Release|Any CPU.Build.0 = Release|Any CPU
	EndGlobalSection
	GlobalSection(SolutionProperties) = preSolution
		HideSolutionNode = FALSE
	EndGlobalSection
	GlobalSection(ExtensibilityGlobals) = postSolution
		SolutionGuid = {78D8C4EC-11FD-45EE-9D12-D51FD189A1D0}
	EndGlobalSection
EndGlobal
